{
  "name": "hull-webhooks",
  "version": "1.0.0",
  "lockfileVersion": 1,
  "requires": true,
  "dependencies": {
    "stackback": {
      "version": "0.0.2",
      "resolved": "https://registry.npmjs.org/stackback/-/stackback-0.0.2.tgz",
      "integrity": "sha1-Gsig2Ug4SNFpXkGLbQMaPDzmjjs="
    },
    "why-is-node-running": {
      "version": "1.2.3",
      "resolved": "https://registry.npmjs.org/why-is-node-running/-/why-is-node-running-1.2.3.tgz",
      "integrity": "sha512-Y8ip4Gagz6GI7P7Q8AbKkyNR52LZEXH98rfncNaOHHBvPk/L409CYvheqpRJUoaDcyx9pxwLiEzEf1ZJ7U1KPg==",
      "requires": {
        "stackback": "0.0.2"
      }
    }
  }
}
